
Microsoft Visual Studio Solution File, Format Version 12.00
# Visual Studio 14
VisualStudioVersion = 14.0.25420.1
MinimumVisualStudioVersion = 10.0.40219.1
Project("{FAE04EC0-301F-11D3-BF4B-00C04F79EFBC}") = "Spinvoice", "Spinvoice\Spinvoice.csproj", "{CB8BCAC5-E95A-4C68-95AC-081F798E91B5}"
EndProject
Project("{FAE04EC0-301F-11D3-BF4B-00C04F79EFBC}") = "Spinvoice.Domain", "Spinvoice.Domain\Spinvoice.Domain.csproj", "{1F2ABFF6-B597-4366-A02B-000346436312}"
EndProject
Project("{FAE04EC0-301F-11D3-BF4B-00C04F79EFBC}") = "Spinvoice.Infrastructure.DataAccess", "Spinvoice.Infrastructure.DataAccess\Spinvoice.Infrastructure.DataAccess.csproj", "{E0C1E49D-CE0C-434C-A13E-BFB509CEC2B5}"
EndProject
Project("{FAE04EC0-301F-11D3-BF4B-00C04F79EFBC}") = "Spinvoice.Tests", "Spinvoice.Tests\Spinvoice.Tests.csproj", "{A4DEB100-7806-43DE-9474-497BF3FB08F0}"
EndProject
Project("{FAE04EC0-301F-11D3-BF4B-00C04F79EFBC}") = "Spinvoice.Infrastructure.Pdf", "Spinvoice.Infrastructure.Pdf\Spinvoice.Infrastructure.Pdf.csproj", "{EE6686CA-55A6-4DA8-A707-3B6C230AEC58}"
EndProject
Project("{FAE04EC0-301F-11D3-BF4B-00C04F79EFBC}") = "Spinvoice.IntegrationTests", "Spinvoice.IntegrationTests\Spinvoice.IntegrationTests.csproj", "{06C406E7-5C3D-4BC1-BAB1-12CCC61DA933}"
EndProject
Project("{FAE04EC0-301F-11D3-BF4B-00C04F79EFBC}") = "Spinvoice.Utils", "Spinvoice.Utils\Spinvoice.Utils.csproj", "{6C5BDCDA-A72F-4EBA-8270-FDBD018852F1}"
EndProject
Project("{FAE04EC0-301F-11D3-BF4B-00C04F79EFBC}") = "Spinvoice.QuickBooks", "Spinvoice.QuickBooks\Spinvoice.QuickBooks.csproj", "{0699B9A4-ABA3-4DA8-A2D1-A74EF840A2D7}"
EndProject
Project("{FAE04EC0-301F-11D3-BF4B-00C04F79EFBC}") = "Spinvoice.Preview", "Spinvoice.Preview\Spinvoice.Preview.csproj", "{A9205C7F-0BE4-49EF-8CE8-8212B6EE2E2E}"
EndProject
Project("{FAE04EC0-301F-11D3-BF4B-00C04F79EFBC}") = "Spinvoice.Server", "Spinvoice.Server\Spinvoice.Server.csproj", "{BF291FF4-1B5A-41AB-AC0D-C5889AF05983}"
EndProject
Project("{FAE04EC0-301F-11D3-BF4B-00C04F79EFBC}") = "Spinvoice.Application", "Spinvoice.Application\Spinvoice.Application.csproj", "{E2691083-9CB7-4071-984B-ABC52570AE0F}"
	ProjectSection(ProjectDependencies) = postProject
		{8AB4F1C2-C8C4-493D-A5F7-F7BC4FC307EA} = {8AB4F1C2-C8C4-493D-A5F7-F7BC4FC307EA}
	EndProjectSection
EndProject
Project("{2150E333-8FDC-42A3-9474-1A3956D46DE8}") = "Application", "Application", "{B46B412F-D9C6-45AC-AED1-84BD7FE69527}"
EndProject
Project("{2150E333-8FDC-42A3-9474-1A3956D46DE8}") = "Tests", "Tests", "{203B7021-E475-4B52-91CD-6CA3A9893B38}"
EndProject
Project("{2150E333-8FDC-42A3-9474-1A3956D46DE8}") = "Server", "Server", "{664D2EF8-2D4C-4DE0-81FF-CA6503CE7C23}"
EndProject
Project("{2150E333-8FDC-42A3-9474-1A3956D46DE8}") = "Common", "Common", "{1DCDC972-9C1B-4140-A7F0-F7FE499F422F}"
EndProject
Project("{FAE04EC0-301F-11D3-BF4B-00C04F79EFBC}") = "Spinvoice.Server.Services", "Spinvoice.Server.Services\Spinvoice.Server.Services.csproj", "{8AB4F1C2-C8C4-493D-A5F7-F7BC4FC307EA}"
EndProject
Project("{FAE04EC0-301F-11D3-BF4B-00C04F79EFBC}") = "Spinvoice.Common.Domain", "Spinvoice.Common.Domain\Spinvoice.Common.Domain.csproj", "{6498B4D4-8D2A-4D47-AF0B-C8345D518531}"
EndProject
Project("{FAE04EC0-301F-11D3-BF4B-00C04F79EFBC}") = "Spinvoice.Common.Infrastructure", "Spinvoice.Common.Infrastructure\Spinvoice.Common.Infrastructure.csproj", "{54FEA3D8-46E3-441D-9375-BD409FDCBEF1}"
EndProject
Global
	GlobalSection(SolutionConfigurationPlatforms) = preSolution
		Debug|Any CPU = Debug|Any CPU
		Release|Any CPU = Release|Any CPU
	EndGlobalSection
	GlobalSection(ProjectConfigurationPlatforms) = postSolution
		{CB8BCAC5-E95A-4C68-95AC-081F798E91B5}.Debug|Any CPU.ActiveCfg = Debug|Any CPU
		{CB8BCAC5-E95A-4C68-95AC-081F798E91B5}.Debug|Any CPU.Build.0 = Debug|Any CPU
		{CB8BCAC5-E95A-4C68-95AC-081F798E91B5}.Release|Any CPU.ActiveCfg = Release|Any CPU
		{CB8BCAC5-E95A-4C68-95AC-081F798E91B5}.Release|Any CPU.Build.0 = Release|Any CPU
		{1F2ABFF6-B597-4366-A02B-000346436312}.Debug|Any CPU.ActiveCfg = Debug|Any CPU
		{1F2ABFF6-B597-4366-A02B-000346436312}.Debug|Any CPU.Build.0 = Debug|Any CPU
		{1F2ABFF6-B597-4366-A02B-000346436312}.Release|Any CPU.ActiveCfg = Release|Any CPU
		{1F2ABFF6-B597-4366-A02B-000346436312}.Release|Any CPU.Build.0 = Release|Any CPU
		{E0C1E49D-CE0C-434C-A13E-BFB509CEC2B5}.Debug|Any CPU.ActiveCfg = Debug|Any CPU
		{E0C1E49D-CE0C-434C-A13E-BFB509CEC2B5}.Debug|Any CPU.Build.0 = Debug|Any CPU
		{E0C1E49D-CE0C-434C-A13E-BFB509CEC2B5}.Release|Any CPU.ActiveCfg = Release|Any CPU
		{E0C1E49D-CE0C-434C-A13E-BFB509CEC2B5}.Release|Any CPU.Build.0 = Release|Any CPU
		{A4DEB100-7806-43DE-9474-497BF3FB08F0}.Debug|Any CPU.ActiveCfg = Debug|Any CPU
		{A4DEB100-7806-43DE-9474-497BF3FB08F0}.Debug|Any CPU.Build.0 = Debug|Any CPU
		{A4DEB100-7806-43DE-9474-497BF3FB08F0}.Release|Any CPU.ActiveCfg = Release|Any CPU
		{A4DEB100-7806-43DE-9474-497BF3FB08F0}.Release|Any CPU.Build.0 = Release|Any CPU
		{EE6686CA-55A6-4DA8-A707-3B6C230AEC58}.Debug|Any CPU.ActiveCfg = Debug|Any CPU
		{EE6686CA-55A6-4DA8-A707-3B6C230AEC58}.Debug|Any CPU.Build.0 = Debug|Any CPU
		{EE6686CA-55A6-4DA8-A707-3B6C230AEC58}.Release|Any CPU.ActiveCfg = Release|Any CPU
		{EE6686CA-55A6-4DA8-A707-3B6C230AEC58}.Release|Any CPU.Build.0 = Release|Any CPU
		{06C406E7-5C3D-4BC1-BAB1-12CCC61DA933}.Debug|Any CPU.ActiveCfg = Debug|Any CPU
		{06C406E7-5C3D-4BC1-BAB1-12CCC61DA933}.Debug|Any CPU.Build.0 = Debug|Any CPU
		{06C406E7-5C3D-4BC1-BAB1-12CCC61DA933}.Release|Any CPU.ActiveCfg = Release|Any CPU
		{06C406E7-5C3D-4BC1-BAB1-12CCC61DA933}.Release|Any CPU.Build.0 = Release|Any CPU
		{6C5BDCDA-A72F-4EBA-8270-FDBD018852F1}.Debug|Any CPU.ActiveCfg = Debug|Any CPU
		{6C5BDCDA-A72F-4EBA-8270-FDBD018852F1}.Debug|Any CPU.Build.0 = Debug|Any CPU
		{6C5BDCDA-A72F-4EBA-8270-FDBD018852F1}.Release|Any CPU.ActiveCfg = Release|Any CPU
		{6C5BDCDA-A72F-4EBA-8270-FDBD018852F1}.Release|Any CPU.Build.0 = Release|Any CPU
		{0699B9A4-ABA3-4DA8-A2D1-A74EF840A2D7}.Debug|Any CPU.ActiveCfg = Debug|Any CPU
		{0699B9A4-ABA3-4DA8-A2D1-A74EF840A2D7}.Debug|Any CPU.Build.0 = Debug|Any CPU
		{0699B9A4-ABA3-4DA8-A2D1-A74EF840A2D7}.Release|Any CPU.ActiveCfg = Release|Any CPU
		{0699B9A4-ABA3-4DA8-A2D1-A74EF840A2D7}.Release|Any CPU.Build.0 = Release|Any CPU
		{A9205C7F-0BE4-49EF-8CE8-8212B6EE2E2E}.Debug|Any CPU.ActiveCfg = Debug|Any CPU
		{A9205C7F-0BE4-49EF-8CE8-8212B6EE2E2E}.Debug|Any CPU.Build.0 = Debug|Any CPU
		{A9205C7F-0BE4-49EF-8CE8-8212B6EE2E2E}.Release|Any CPU.ActiveCfg = Release|Any CPU
		{A9205C7F-0BE4-49EF-8CE8-8212B6EE2E2E}.Release|Any CPU.Build.0 = Release|Any CPU
		{BF291FF4-1B5A-41AB-AC0D-C5889AF05983}.Debug|Any CPU.ActiveCfg = Debug|Any CPU
		{BF291FF4-1B5A-41AB-AC0D-C5889AF05983}.Debug|Any CPU.Build.0 = Debug|Any CPU
		{BF291FF4-1B5A-41AB-AC0D-C5889AF05983}.Release|Any CPU.ActiveCfg = Release|Any CPU
		{BF291FF4-1B5A-41AB-AC0D-C5889AF05983}.Release|Any CPU.Build.0 = Release|Any CPU
		{E2691083-9CB7-4071-984B-ABC52570AE0F}.Debug|Any CPU.ActiveCfg = Debug|Any CPU
		{E2691083-9CB7-4071-984B-ABC52570AE0F}.Debug|Any CPU.Build.0 = Debug|Any CPU
		{E2691083-9CB7-4071-984B-ABC52570AE0F}.Release|Any CPU.ActiveCfg = Release|Any CPU
		{E2691083-9CB7-4071-984B-ABC52570AE0F}.Release|Any CPU.Build.0 = Release|Any CPU
		{8AB4F1C2-C8C4-493D-A5F7-F7BC4FC307EA}.Debug|Any CPU.ActiveCfg = Debug|Any CPU
		{8AB4F1C2-C8C4-493D-A5F7-F7BC4FC307EA}.Debug|Any CPU.Build.0 = Debug|Any CPU
		{8AB4F1C2-C8C4-493D-A5F7-F7BC4FC307EA}.Release|Any CPU.ActiveCfg = Release|Any CPU
		{8AB4F1C2-C8C4-493D-A5F7-F7BC4FC307EA}.Release|Any CPU.Build.0 = Release|Any CPU
		{6498B4D4-8D2A-4D47-AF0B-C8345D518531}.Debug|Any CPU.ActiveCfg = Debug|Any CPU
		{6498B4D4-8D2A-4D47-AF0B-C8345D518531}.Debug|Any CPU.Build.0 = Debug|Any CPU
		{6498B4D4-8D2A-4D47-AF0B-C8345D518531}.Release|Any CPU.ActiveCfg = Release|Any CPU
		{6498B4D4-8D2A-4D47-AF0B-C8345D518531}.Release|Any CPU.Build.0 = Release|Any CPU
		{54FEA3D8-46E3-441D-9375-BD409FDCBEF1}.Debug|Any CPU.ActiveCfg = Debug|Any CPU
		{54FEA3D8-46E3-441D-9375-BD409FDCBEF1}.Debug|Any CPU.Build.0 = Debug|Any CPU
		{54FEA3D8-46E3-441D-9375-BD409FDCBEF1}.Release|Any CPU.ActiveCfg = Release|Any CPU
		{54FEA3D8-46E3-441D-9375-BD409FDCBEF1}.Release|Any CPU.Build.0 = Release|Any CPU
	EndGlobalSection
	GlobalSection(SolutionProperties) = preSolution
		HideSolutionNode = FALSE
	EndGlobalSection
	GlobalSection(NestedProjects) = preSolution
		{CB8BCAC5-E95A-4C68-95AC-081F798E91B5} = {B46B412F-D9C6-45AC-AED1-84BD7FE69527}
		{1F2ABFF6-B597-4366-A02B-000346436312} = {B46B412F-D9C6-45AC-AED1-84BD7FE69527}
		{E0C1E49D-CE0C-434C-A13E-BFB509CEC2B5} = {B46B412F-D9C6-45AC-AED1-84BD7FE69527}
		{A4DEB100-7806-43DE-9474-497BF3FB08F0} = {203B7021-E475-4B52-91CD-6CA3A9893B38}
		{EE6686CA-55A6-4DA8-A707-3B6C230AEC58} = {664D2EF8-2D4C-4DE0-81FF-CA6503CE7C23}
		{06C406E7-5C3D-4BC1-BAB1-12CCC61DA933} = {203B7021-E475-4B52-91CD-6CA3A9893B38}
		{6C5BDCDA-A72F-4EBA-8270-FDBD018852F1} = {1DCDC972-9C1B-4140-A7F0-F7FE499F422F}
		{0699B9A4-ABA3-4DA8-A2D1-A74EF840A2D7} = {B46B412F-D9C6-45AC-AED1-84BD7FE69527}
		{A9205C7F-0BE4-49EF-8CE8-8212B6EE2E2E} = {B46B412F-D9C6-45AC-AED1-84BD7FE69527}
		{BF291FF4-1B5A-41AB-AC0D-C5889AF05983} = {664D2EF8-2D4C-4DE0-81FF-CA6503CE7C23}
		{E2691083-9CB7-4071-984B-ABC52570AE0F} = {B46B412F-D9C6-45AC-AED1-84BD7FE69527}
		{8AB4F1C2-C8C4-493D-A5F7-F7BC4FC307EA} = {664D2EF8-2D4C-4DE0-81FF-CA6503CE7C23}
		{6498B4D4-8D2A-4D47-AF0B-C8345D518531} = {1DCDC972-9C1B-4140-A7F0-F7FE499F422F}
		{54FEA3D8-46E3-441D-9375-BD409FDCBEF1} = {1DCDC972-9C1B-4140-A7F0-F7FE499F422F}
	EndGlobalSection
EndGlobal
